// !$*UTF8*$!
{
	archiveVersion = 1;
	classes = {
	};
	objectVersion = 50;
	objects = {

/* Begin PBXBuildFile section */
		E7CE573D241F97CD00D0478A /* AppDelegate.swift in Sources */ = {isa = PBXBuildFile; fileRef = E7CE573C241F97CD00D0478A /* AppDelegate.swift */; };
		E7CE573F241F97CD00D0478A /* SceneDelegate.swift in Sources */ = {isa = PBXBuildFile; fileRef = E7CE573E241F97CD00D0478A /* SceneDelegate.swift */; };
		E7CE5741241F97CD00D0478A /* CanadaDescriptionListViewController.swift in Sources */ = {isa = PBXBuildFile; fileRef = E7CE5740241F97CD00D0478A /* CanadaDescriptionListViewController.swift */; };
		E7CE5746241F97CF00D0478A /* Assets.xcassets in Resources */ = {isa = PBXBuildFile; fileRef = E7CE5745241F97CF00D0478A /* Assets.xcassets */; };
		E7CE5749241F97CF00D0478A /* LaunchScreen.storyboard in Resources */ = {isa = PBXBuildFile; fileRef = E7CE5747241F97CF00D0478A /* LaunchScreen.storyboard */; };
		E7CE5754241F97CF00D0478A /* Tableview_ExerciseTests.swift in Sources */ = {isa = PBXBuildFile; fileRef = E7CE5753241F97CF00D0478A /* Tableview_ExerciseTests.swift */; };
		E7CE575F241F97CF00D0478A /* Tableview_ExerciseUITests.swift in Sources */ = {isa = PBXBuildFile; fileRef = E7CE575E241F97CF00D0478A /* Tableview_ExerciseUITests.swift */; };
		E7CE576F241FAA6C00D0478A /* CanadaDetailsTableViewCell.swift in Sources */ = {isa = PBXBuildFile; fileRef = E7CE576E241FAA6C00D0478A /* CanadaDetailsTableViewCell.swift */; };
		E7CE5773241FE8B200D0478A /* Constants.swift in Sources */ = {isa = PBXBuildFile; fileRef = E7CE5772241FE8B200D0478A /* Constants.swift */; };
		E7CE5775241FE99500D0478A /* CanadaDetailsAPICalls.swift in Sources */ = {isa = PBXBuildFile; fileRef = E7CE5774241FE99500D0478A /* CanadaDetailsAPICalls.swift */; };
		E7CE5778241FF4A400D0478A /* CanadaInfo.swift in Sources */ = {isa = PBXBuildFile; fileRef = E7CE5777241FF4A400D0478A /* CanadaInfo.swift */; };
		E7CE577B241FFFC900D0478A /* CanadaInfoListViewModel.swift in Sources */ = {isa = PBXBuildFile; fileRef = E7CE577A241FFFC900D0478A /* CanadaInfoListViewModel.swift */; };
		E7CE577D2420086A00D0478A /* Extension.swift in Sources */ = {isa = PBXBuildFile; fileRef = E7CE577C2420086A00D0478A /* Extension.swift */; };
/* End PBXBuildFile section */

/* Begin PBXContainerItemProxy section */
		E7CE5750241F97CF00D0478A /* PBXContainerItemProxy */ = {
			isa = PBXContainerItemProxy;
			containerPortal = E7CE5731241F97CD00D0478A /* Project object */;
			proxyType = 1;
			remoteGlobalIDString = E7CE5738241F97CD00D0478A;
			remoteInfo = "Tableview-Exercise";
		};
		E7CE575B241F97CF00D0478A /* PBXContainerItemProxy */ = {
			isa = PBXContainerItemProxy;
			containerPortal = E7CE5731241F97CD00D0478A /* Project object */;
			proxyType = 1;
			remoteGlobalIDString = E7CE5738241F97CD00D0478A;
			remoteInfo = "Tableview-Exercise";
		};
/* End PBXContainerItemProxy section */

/* Begin PBXFileReference section */
		E7CE5739241F97CD00D0478A /* Tableview-Exercise.app */ = {isa = PBXFileReference; explicitFileType = wrapper.application; includeInIndex = 0; path = "Tableview-Exercise.app"; sourceTree = BUILT_PRODUCTS_DIR; };
		E7CE573C241F97CD00D0478A /* AppDelegate.swift */ = {isa = PBXFileReference; lastKnownFileType = sourcecode.swift; path = AppDelegate.swift; sourceTree = "<group>"; };
		E7CE573E241F97CD00D0478A /* SceneDelegate.swift */ = {isa = PBXFileReference; lastKnownFileType = sourcecode.swift; path = SceneDelegate.swift; sourceTree = "<group>"; };
		E7CE5740241F97CD00D0478A /* CanadaDescriptionListViewController.swift */ = {isa = PBXFileReference; indentWidth = 2; lastKnownFileType = sourcecode.swift; path = CanadaDescriptionListViewController.swift; sourceTree = "<group>"; tabWidth = 2; };
		E7CE5745241F97CF00D0478A /* Assets.xcassets */ = {isa = PBXFileReference; lastKnownFileType = folder.assetcatalog; path = Assets.xcassets; sourceTree = "<group>"; };
		E7CE5748241F97CF00D0478A /* Base */ = {isa = PBXFileReference; lastKnownFileType = file.storyboard; name = Base; path = Base.lproj/LaunchScreen.storyboard; sourceTree = "<group>"; };
		E7CE574A241F97CF00D0478A /* Info.plist */ = {isa = PBXFileReference; lastKnownFileType = text.plist.xml; path = Info.plist; sourceTree = "<group>"; };
		E7CE574F241F97CF00D0478A /* Tableview-ExerciseTests.xctest */ = {isa = PBXFileReference; explicitFileType = wrapper.cfbundle; includeInIndex = 0; path = "Tableview-ExerciseTests.xctest"; sourceTree = BUILT_PRODUCTS_DIR; };
		E7CE5753241F97CF00D0478A /* Tableview_ExerciseTests.swift */ = {isa = PBXFileReference; lastKnownFileType = sourcecode.swift; path = Tableview_ExerciseTests.swift; sourceTree = "<group>"; };
		E7CE5755241F97CF00D0478A /* Info.plist */ = {isa = PBXFileReference; lastKnownFileType = text.plist.xml; path = Info.plist; sourceTree = "<group>"; };
		E7CE575A241F97CF00D0478A /* Tableview-ExerciseUITests.xctest */ = {isa = PBXFileReference; explicitFileType = wrapper.cfbundle; includeInIndex = 0; path = "Tableview-ExerciseUITests.xctest"; sourceTree = BUILT_PRODUCTS_DIR; };
		E7CE575E241F97CF00D0478A /* Tableview_ExerciseUITests.swift */ = {isa = PBXFileReference; lastKnownFileType = sourcecode.swift; path = Tableview_ExerciseUITests.swift; sourceTree = "<group>"; };
		E7CE5760241F97CF00D0478A /* Info.plist */ = {isa = PBXFileReference; lastKnownFileType = text.plist.xml; path = Info.plist; sourceTree = "<group>"; };
		E7CE576E241FAA6C00D0478A /* CanadaDetailsTableViewCell.swift */ = {isa = PBXFileReference; lastKnownFileType = sourcecode.swift; path = CanadaDetailsTableViewCell.swift; sourceTree = "<group>"; };
		E7CE5772241FE8B200D0478A /* Constants.swift */ = {isa = PBXFileReference; lastKnownFileType = sourcecode.swift; path = Constants.swift; sourceTree = "<group>"; };
		E7CE5774241FE99500D0478A /* CanadaDetailsAPICalls.swift */ = {isa = PBXFileReference; lastKnownFileType = sourcecode.swift; path = CanadaDetailsAPICalls.swift; sourceTree = "<group>"; };
		E7CE5777241FF4A400D0478A /* CanadaInfo.swift */ = {isa = PBXFileReference; lastKnownFileType = sourcecode.swift; path = CanadaInfo.swift; sourceTree = "<group>"; };
		E7CE577A241FFFC900D0478A /* CanadaInfoListViewModel.swift */ = {isa = PBXFileReference; lastKnownFileType = sourcecode.swift; path = CanadaInfoListViewModel.swift; sourceTree = "<group>"; };
		E7CE577C2420086A00D0478A /* Extension.swift */ = {isa = PBXFileReference; indentWidth = 2; lastKnownFileType = sourcecode.swift; path = Extension.swift; sourceTree = "<group>"; tabWidth = 2; };
/* End PBXFileReference section */

/* Begin PBXFrameworksBuildPhase section */
		E7CE5736241F97CD00D0478A /* Frameworks */ = {
			isa = PBXFrameworksBuildPhase;
			buildActionMask = 2147483647;
			files = (
			);
			runOnlyForDeploymentPostprocessing = 0;
		};
		E7CE574C241F97CF00D0478A /* Frameworks */ = {
			isa = PBXFrameworksBuildPhase;
			buildActionMask = 2147483647;
			files = (
			);
			runOnlyForDeploymentPostprocessing = 0;
		};
		E7CE5757241F97CF00D0478A /* Frameworks */ = {
			isa = PBXFrameworksBuildPhase;
			buildActionMask = 2147483647;
			files = (
			);
			runOnlyForDeploymentPostprocessing = 0;
		};
/* End PBXFrameworksBuildPhase section */

/* Begin PBXGroup section */
		E7CE5730241F97CD00D0478A = {
			isa = PBXGroup;
			children = (
				E7CE573B241F97CD00D0478A /* Tableview-Exercise */,
				E7CE5752241F97CF00D0478A /* Tableview-ExerciseTests */,
				E7CE575D241F97CF00D0478A /* Tableview-ExerciseUITests */,
				E7CE573A241F97CD00D0478A /* Products */,
			);
			sourceTree = "<group>";
		};
		E7CE573A241F97CD00D0478A /* Products */ = {
			isa = PBXGroup;
			children = (
				E7CE5739241F97CD00D0478A /* Tableview-Exercise.app */,
				E7CE574F241F97CF00D0478A /* Tableview-ExerciseTests.xctest */,
				E7CE575A241F97CF00D0478A /* Tableview-ExerciseUITests.xctest */,
			);
			name = Products;
			sourceTree = "<group>";
		};
		E7CE573B241F97CD00D0478A /* Tableview-Exercise */ = {
			isa = PBXGroup;
			children = (
				E7CE5779241FFF9A00D0478A /* ViewModels */,
				E7CE5776241FF47600D0478A /* Model */,
				E7CE5771241FE86700D0478A /* Common */,
				E7CE5770241FE7A800D0478A /* APICall */,
				E7CE576D241FAA4500D0478A /* TableViewCells */,
				E7CE576C241FA24000D0478A /* ViewController */,
				E7CE573C241F97CD00D0478A /* AppDelegate.swift */,
				E7CE573E241F97CD00D0478A /* SceneDelegate.swift */,
				E7CE5745241F97CF00D0478A /* Assets.xcassets */,
				E7CE5747241F97CF00D0478A /* LaunchScreen.storyboard */,
				E7CE574A241F97CF00D0478A /* Info.plist */,
			);
			path = "Tableview-Exercise";
			sourceTree = "<group>";
		};
		E7CE5752241F97CF00D0478A /* Tableview-ExerciseTests */ = {
			isa = PBXGroup;
			children = (
				E7CE5753241F97CF00D0478A /* Tableview_ExerciseTests.swift */,
				E7CE5755241F97CF00D0478A /* Info.plist */,
			);
			path = "Tableview-ExerciseTests";
			sourceTree = "<group>";
		};
		E7CE575D241F97CF00D0478A /* Tableview-ExerciseUITests */ = {
			isa = PBXGroup;
			children = (
				E7CE575E241F97CF00D0478A /* Tableview_ExerciseUITests.swift */,
				E7CE5760241F97CF00D0478A /* Info.plist */,
			);
			path = "Tableview-ExerciseUITests";
			sourceTree = "<group>";
		};
		E7CE576C241FA24000D0478A /* ViewController */ = {
			isa = PBXGroup;
			children = (
				E7CE5740241F97CD00D0478A /* CanadaDescriptionListViewController.swift */,
			);
			path = ViewController;
			sourceTree = "<group>";
		};
		E7CE576D241FAA4500D0478A /* TableViewCells */ = {
			isa = PBXGroup;
			children = (
				E7CE576E241FAA6C00D0478A /* CanadaDetailsTableViewCell.swift */,
			);
			path = TableViewCells;
			sourceTree = "<group>";
		};
		E7CE5770241FE7A800D0478A /* APICall */ = {
			isa = PBXGroup;
			children = (
				E7CE5774241FE99500D0478A /* CanadaDetailsAPICalls.swift */,
			);
			path = APICall;
			sourceTree = "<group>";
		};
		E7CE5771241FE86700D0478A /* Common */ = {
			isa = PBXGroup;
			children = (
				E7CE5772241FE8B200D0478A /* Constants.swift */,
				E7CE577C2420086A00D0478A /* Extension.swift */,
			);
			path = Common;
			sourceTree = "<group>";
		};
		E7CE5776241FF47600D0478A /* Model */ = {
			isa = PBXGroup;
			children = (
				E7CE5777241FF4A400D0478A /* CanadaInfo.swift */,
			);
			path = Model;
			sourceTree = "<group>";
		};
		E7CE5779241FFF9A00D0478A /* ViewModels */ = {
			isa = PBXGroup;
			children = (
				E7CE577A241FFFC900D0478A /* CanadaInfoListViewModel.swift */,
			);
			path = ViewModels;
			sourceTree = "<group>";
		};
/* End PBXGroup section */

/* Begin PBXNativeTarget section */
		E7CE5738241F97CD00D0478A /* Tableview-Exercise */ = {
			isa = PBXNativeTarget;
			buildConfigurationList = E7CE5763241F97CF00D0478A /* Build configuration list for PBXNativeTarget "Tableview-Exercise" */;
			buildPhases = (
				E7CE5735241F97CD00D0478A /* Sources */,
				E7CE5736241F97CD00D0478A /* Frameworks */,
				E7CE5737241F97CD00D0478A /* Resources */,
			);
			buildRules = (
			);
			dependencies = (
			);
			name = "Tableview-Exercise";
			productName = "Tableview-Exercise";
			productReference = E7CE5739241F97CD00D0478A /* Tableview-Exercise.app */;
			productType = "com.apple.product-type.application";
		};
		E7CE574E241F97CF00D0478A /* Tableview-ExerciseTests */ = {
			isa = PBXNativeTarget;
			buildConfigurationList = E7CE5766241F97CF00D0478A /* Build configuration list for PBXNativeTarget "Tableview-ExerciseTests" */;
			buildPhases = (
				E7CE574B241F97CF00D0478A /* Sources */,
				E7CE574C241F97CF00D0478A /* Frameworks */,
				E7CE574D241F97CF00D0478A /* Resources */,
			);
			buildRules = (
			);
			dependencies = (
				E7CE5751241F97CF00D0478A /* PBXTargetDependency */,
			);
			name = "Tableview-ExerciseTests";
			productName = "Tableview-ExerciseTests";
			productReference = E7CE574F241F97CF00D0478A /* Tableview-ExerciseTests.xctest */;
			productType = "com.apple.product-type.bundle.unit-test";
		};
		E7CE5759241F97CF00D0478A /* Tableview-ExerciseUITests */ = {
			isa = PBXNativeTarget;
			buildConfigurationList = E7CE5769241F97CF00D0478A /* Build configuration list for PBXNativeTarget "Tableview-ExerciseUITests" */;
			buildPhases = (
				E7CE5756241F97CF00D0478A /* Sources */,
				E7CE5757241F97CF00D0478A /* Frameworks */,
				E7CE5758241F97CF00D0478A /* Resources */,
			);
			buildRules = (
			);
			dependencies = (
				E7CE575C241F97CF00D0478A /* PBXTargetDependency */,
			);
			name = "Tableview-ExerciseUITests";
			productName = "Tableview-ExerciseUITests";
			productReference = E7CE575A241F97CF00D0478A /* Tableview-ExerciseUITests.xctest */;
			productType = "com.apple.product-type.bundle.ui-testing";
		};
/* End PBXNativeTarget section */

/* Begin PBXProject section */
		E7CE5731241F97CD00D0478A /* Project object */ = {
			isa = PBXProject;
			attributes = {
				LastSwiftUpdateCheck = 1130;
				LastUpgradeCheck = 1130;
				ORGANIZATIONNAME = Saravana;
				TargetAttributes = {
					E7CE5738241F97CD00D0478A = {
						CreatedOnToolsVersion = 11.3.1;
					};
					E7CE574E241F97CF00D0478A = {
						CreatedOnToolsVersion = 11.3.1;
						TestTargetID = E7CE5738241F97CD00D0478A;
					};
					E7CE5759241F97CF00D0478A = {
						CreatedOnToolsVersion = 11.3.1;
						TestTargetID = E7CE5738241F97CD00D0478A;
					};
				};
			};
			buildConfigurationList = E7CE5734241F97CD00D0478A /* Build configuration list for PBXProject "Tableview-Exercise " */;
			compatibilityVersion = "Xcode 9.3";
			developmentRegion = en;
			hasScannedForEncodings = 0;
			knownRegions = (
				en,
				Base,
			);
			mainGroup = E7CE5730241F97CD00D0478A;
			productRefGroup = E7CE573A241F97CD00D0478A /* Products */;
			projectDirPath = "";
			projectRoot = "";
			targets = (
				E7CE5738241F97CD00D0478A /* Tableview-Exercise */,
				E7CE574E241F97CF00D0478A /* Tableview-ExerciseTests */,
				E7CE5759241F97CF00D0478A /* Tableview-ExerciseUITests */,
			);
		};
/* End PBXProject section */

/* Begin PBXResourcesBuildPhase section */
		E7CE5737241F97CD00D0478A /* Resources */ = {
			isa = PBXResourcesBuildPhase;
			buildActionMask = 2147483647;
			files = (
				E7CE5749241F97CF00D0478A /* LaunchScreen.storyboard in Resources */,
				E7CE5746241F97CF00D0478A /* Assets.xcassets in Resources */,
			);
			runOnlyForDeploymentPostprocessing = 0;
		};
		E7CE574D241F97CF00D0478A /* Resources */ = {
			isa = PBXResourcesBuildPhase;
			buildActionMask = 2147483647;
			files = (
			);
			runOnlyForDeploymentPostprocessing = 0;
		};
		E7CE5758241F97CF00D0478A /* Resources */ = {
			isa = PBXResourcesBuildPhase;
			buildActionMask = 2147483647;
			files = (
			);
			runOnlyForDeploymentPostprocessing = 0;
		};
/* End PBXResourcesBuildPhase section */

/* Begin PBXSourcesBuildPhase section */
		E7CE5735241F97CD00D0478A /* Sources */ = {
			isa = PBXSourcesBuildPhase;
			buildActionMask = 2147483647;
			files = (
				E7CE577D2420086A00D0478A /* Extension.swift in Sources */,
				E7CE5773241FE8B200D0478A /* Constants.swift in Sources */,
				E7CE5775241FE99500D0478A /* CanadaDetailsAPICalls.swift in Sources */,
				E7CE576F241FAA6C00D0478A /* CanadaDetailsTableViewCell.swift in Sources */,
				E7CE5778241FF4A400D0478A /* CanadaInfo.swift in Sources */,
				E7CE577B241FFFC900D0478A /* CanadaInfoListViewModel.swift in Sources */,
				E7CE5741241F97CD00D0478A /* CanadaDescriptionListViewController.swift in Sources */,
				E7CE573D241F97CD00D0478A /* AppDelegate.swift in Sources */,
				E7CE573F241F97CD00D0478A /* SceneDelegate.swift in Sources */,
			);
			runOnlyForDeploymentPostprocessing = 0;
		};
		E7CE574B241F97CF00D0478A /* Sources */ = {
			isa = PBXSourcesBuildPhase;
			buildActionMask = 2147483647;
			files = (
				E7CE5754241F97CF00D0478A /* Tableview_ExerciseTests.swift in Sources */,
			);
			runOnlyForDeploymentPostprocessing = 0;
		};
		E7CE5756241F97CF00D0478A /* Sources */ = {
			isa = PBXSourcesBuildPhase;
			buildActionMask = 2147483647;
			files = (
				E7CE575F241F97CF00D0478A /* Tableview_ExerciseUITests.swift in Sources */,
			);
			runOnlyForDeploymentPostprocessing = 0;
		};
/* End PBXSourcesBuildPhase section */

/* Begin PBXTargetDependency section */
		E7CE5751241F97CF00D0478A /* PBXTargetDependency */ = {
			isa = PBXTargetDependency;
			target = E7CE5738241F97CD00D0478A /* Tableview-Exercise */;
			targetProxy = E7CE5750241F97CF00D0478A /* PBXContainerItemProxy */;
		};
		E7CE575C241F97CF00D0478A /* PBXTargetDependency */ = {
			isa = PBXTargetDependency;
			target = E7CE5738241F97CD00D0478A /* Tableview-Exercise */;
			targetProxy = E7CE575B241F97CF00D0478A /* PBXContainerItemProxy */;
		};
/* End PBXTargetDependency section */

/* Begin PBXVariantGroup section */
		E7CE5747241F97CF00D0478A /* LaunchScreen.storyboard */ = {
			isa = PBXVariantGroup;
			children = (
				E7CE5748241F97CF00D0478A /* Base */,
			);
			name = LaunchScreen.storyboard;
			sourceTree = "<group>";
		};
/* End PBXVariantGroup section */

/* Begin XCBuildConfiguration section */
		E7CE5761241F97CF00D0478A /* Debug */ = {
			isa = XCBuildConfiguration;
			buildSettings = {
				ALWAYS_SEARCH_USER_PATHS = NO;
				CLANG_ANALYZER_NONNULL = YES;
				CLANG_ANALYZER_NUMBER_OBJECT_CONVERSION = YES_AGGRESSIVE;
				CLANG_CXX_LANGUAGE_STANDARD = "gnu++14";
				CLANG_CXX_LIBRARY = "libc++";
				CLANG_ENABLE_MODULES = YES;
				CLANG_ENABLE_OBJC_ARC = YES;
				CLANG_ENABLE_OBJC_WEAK = YES;
				CLANG_WARN_BLOCK_CAPTURE_AUTORELEASING = YES;
				CLANG_WARN_BOOL_CONVERSION = YES;
				CLANG_WARN_COMMA = YES;
				CLANG_WARN_CONSTANT_CONVERSION = YES;
				CLANG_WARN_DEPRECATED_OBJC_IMPLEMENTATIONS = YES;
				CLANG_WARN_DIRECT_OBJC_ISA_USAGE = YES_ERROR;
				CLANG_WARN_DOCUMENTATION_COMMENTS = YES;
				CLANG_WARN_EMPTY_BODY = YES;
				CLANG_WARN_ENUM_CONVERSION = YES;
				CLANG_WARN_INFINITE_RECURSION = YES;
				CLANG_WARN_INT_CONVERSION = YES;
				CLANG_WARN_NON_LITERAL_NULL_CONVERSION = YES;
				CLANG_WARN_OBJC_IMPLICIT_RETAIN_SELF = YES;
				CLANG_WARN_OBJC_LITERAL_CONVERSION = YES;
				CLANG_WARN_OBJC_ROOT_CLASS = YES_ERROR;
				CLANG_WARN_RANGE_LOOP_ANALYSIS = YES;
				CLANG_WARN_STRICT_PROTOTYPES = YES;
				CLANG_WARN_SUSPICIOUS_MOVE = YES;
				CLANG_WARN_UNGUARDED_AVAILABILITY = YES_AGGRESSIVE;
				CLANG_WARN_UNREACHABLE_CODE = YES;
				CLANG_WARN__DUPLICATE_METHOD_MATCH = YES;
				COPY_PHASE_STRIP = NO;
				DEBUG_INFORMATION_FORMAT = dwarf;
				ENABLE_STRICT_OBJC_MSGSEND = YES;
				ENABLE_TESTABILITY = YES;
				GCC_C_LANGUAGE_STANDARD = gnu11;
				GCC_DYNAMIC_NO_PIC = NO;
				GCC_NO_COMMON_BLOCKS = YES;
				GCC_OPTIMIZATION_LEVEL = 0;
				GCC_PREPROCESSOR_DEFINITIONS = (
					"DEBUG=1",
					"$(inherited)",
				);
				GCC_WARN_64_TO_32_BIT_CONVERSION = YES;
				GCC_WARN_ABOUT_RETURN_TYPE = YES_ERROR;
				GCC_WARN_UNDECLARED_SELECTOR = YES;
				GCC_WARN_UNINITIALIZED_AUTOS = YES_AGGRESSIVE;
				GCC_WARN_UNUSED_FUNCTION = YES;
				GCC_WARN_UNUSED_VARIABLE = YES;
				IPHONEOS_DEPLOYMENT_TARGET = 13.2;
				MTL_ENABLE_DEBUG_INFO = INCLUDE_SOURCE;
				MTL_FAST_MATH = YES;
				ONLY_ACTIVE_ARCH = YES;
				SDKROOT = iphoneos;
				SWIFT_ACTIVE_COMPILATION_CONDITIONS = DEBUG;
				SWIFT_OPTIMIZATION_LEVEL = "-Onone";
			};
			name = Debug;
		};
		E7CE5762241F97CF00D0478A /* Release */ = {
			isa = XCBuildConfiguration;
			buildSettings = {
				ALWAYS_SEARCH_USER_PATHS = NO;
				CLANG_ANALYZER_NONNULL = YES;
				CLANG_ANALYZER_NUMBER_OBJECT_CONVERSION = YES_AGGRESSIVE;
				CLANG_CXX_LANGUAGE_STANDARD = "gnu++14";
				CLANG_CXX_LIBRARY = "libc++";
				CLANG_ENABLE_MODULES = YES;
				CLANG_ENABLE_OBJC_ARC = YES;
				CLANG_ENABLE_OBJC_WEAK = YES;
				CLANG_WARN_BLOCK_CAPTURE_AUTORELEASING = YES;
				CLANG_WARN_BOOL_CONVERSION = YES;
				CLANG_WARN_COMMA = YES;
				CLANG_WARN_CONSTANT_CONVERSION = YES;
				CLANG_WARN_DEPRECATED_OBJC_IMPLEMENTATIONS = YES;
				CLANG_WARN_DIRECT_OBJC_ISA_USAGE = YES_ERROR;
				CLANG_WARN_DOCUMENTATION_COMMENTS = YES;
				CLANG_WARN_EMPTY_BODY = YES;
				CLANG_WARN_ENUM_CONVERSION = YES;
				CLANG_WARN_INFINITE_RECURSION = YES;
				CLANG_WARN_INT_CONVERSION = YES;
				CLANG_WARN_NON_LITERAL_NULL_CONVERSION = YES;
				CLANG_WARN_OBJC_IMPLICIT_RETAIN_SELF = YES;
				CLANG_WARN_OBJC_LITERAL_CONVERSION = YES;
				CLANG_WARN_OBJC_ROOT_CLASS = YES_ERROR;
				CLANG_WARN_RANGE_LOOP_ANALYSIS = YES;
				CLANG_WARN_STRICT_PROTOTYPES = YES;
				CLANG_WARN_SUSPICIOUS_MOVE = YES;
				CLANG_WARN_UNGUARDED_AVAILABILITY = YES_AGGRESSIVE;
				CLANG_WARN_UNREACHABLE_CODE = YES;
				CLANG_WARN__DUPLICATE_METHOD_MATCH = YES;
				COPY_PHASE_STRIP = NO;
				DEBUG_INFORMATION_FORMAT = "dwarf-with-dsym";
				ENABLE_NS_ASSERTIONS = NO;
				ENABLE_STRICT_OBJC_MSGSEND = YES;
				GCC_C_LANGUAGE_STANDARD = gnu11;
				GCC_NO_COMMON_BLOCKS = YES;
				GCC_WARN_64_TO_32_BIT_CONVERSION = YES;
				GCC_WARN_ABOUT_RETURN_TYPE = YES_ERROR;
				GCC_WARN_UNDECLARED_SELECTOR = YES;
				GCC_WARN_UNINITIALIZED_AUTOS = YES_AGGRESSIVE;
				GCC_WARN_UNUSED_FUNCTION = YES;
				GCC_WARN_UNUSED_VARIABLE = YES;
				IPHONEOS_DEPLOYMENT_TARGET = 13.2;
				MTL_ENABLE_DEBUG_INFO = NO;
				MTL_FAST_MATH = YES;
				SDKROOT = iphoneos;
				SWIFT_COMPILATION_MODE = wholemodule;
				SWIFT_OPTIMIZATION_LEVEL = "-O";
				VALIDATE_PRODUCT = YES;
			};
			name = Release;
		};
		E7CE5764241F97CF00D0478A /* Debug */ = {
			isa = XCBuildConfiguration;
			buildSettings = {
				ASSETCATALOG_COMPILER_APPICON_NAME = AppIcon;
				CODE_SIGN_STYLE = Automatic;
				DEVELOPMENT_TEAM = 7UU7JG463S;
				INFOPLIST_FILE = "Tableview-Exercise/Info.plist";
				LD_RUNPATH_SEARCH_PATHS = (
					"$(inherited)",
					"@executable_path/Frameworks",
				);
				PRODUCT_BUNDLE_IDENTIFIER = "Saravana.Tableview-Exercise";
				PRODUCT_NAME = "$(TARGET_NAME)";
				SWIFT_VERSION = 5.0;
				TARGETED_DEVICE_FAMILY = "1,2";
			};
			name = Debug;
		};
		E7CE5765241F97CF00D0478A /* Release */ = {
			isa = XCBuildConfiguration;
			buildSettings = {
				ASSETCATALOG_COMPILER_APPICON_NAME = AppIcon;
				CODE_SIGN_STYLE = Automatic;
				DEVELOPMENT_TEAM = 7UU7JG463S;
				INFOPLIST_FILE = "Tableview-Exercise/Info.plist";
				LD_RUNPATH_SEARCH_PATHS = (
					"$(inherited)",
					"@executable_path/Frameworks",
				);
				PRODUCT_BUNDLE_IDENTIFIER = "Saravana.Tableview-Exercise";
				PRODUCT_NAME = "$(TARGET_NAME)";
				SWIFT_VERSION = 5.0;
				TARGETED_DEVICE_FAMILY = "1,2";
			};
			name = Release;
		};
		E7CE5767241F97CF00D0478A /* Debug */ = {
			isa = XCBuildConfiguration;
			buildSettings = {
				ALWAYS_EMBED_SWIFT_STANDARD_LIBRARIES = YES;
				BUNDLE_LOADER = "$(TEST_HOST)";
				CODE_SIGN_STYLE = Automatic;
				DEVELOPMENT_TEAM = 7UU7JG463S;
				INFOPLIST_FILE = "Tableview-ExerciseTests/Info.plist";
				IPHONEOS_DEPLOYMENT_TARGET = 13.2;
				LD_RUNPATH_SEARCH_PATHS = (
					"$(inherited)",
					"@executable_path/Frameworks",
					"@loader_path/Frameworks",
				);
				PRODUCT_BUNDLE_IDENTIFIER = "Saravana.Tableview-ExerciseTests";
				PRODUCT_NAME = "$(TARGET_NAME)";
				SWIFT_VERSION = 5.0;
				TARGETED_DEVICE_FAMILY = "1,2";
				TEST_HOST = "$(BUILT_PRODUCTS_DIR)/Tableview-Exercise.app/Tableview-Exercise";
			};
			name = Debug;
		};
		E7CE5768241F97CF00D0478A /* Release */ = {
			isa = XCBuildConfiguration;
			buildSettings = {
				ALWAYS_EMBED_SWIFT_STANDARD_LIBRARIES = YES;
				BUNDLE_LOADER = "$(TEST_HOST)";
				CODE_SIGN_STYLE = Automatic;
				DEVELOPMENT_TEAM = 7UU7JG463S;
				INFOPLIST_FILE = "Tableview-ExerciseTests/Info.plist";
				IPHONEOS_DEPLOYMENT_TARGET = 13.2;
				LD_RUNPATH_SEARCH_PATHS = (
					"$(inherited)",
					"@executable_path/Frameworks",
					"@loader_path/Frameworks",
				);
				PRODUCT_BUNDLE_IDENTIFIER = "Saravana.Tableview-ExerciseTests";
				PRODUCT_NAME = "$(TARGET_NAME)";
				SWIFT_VERSION = 5.0;
				TARGETED_DEVICE_FAMILY = "1,2";
				TEST_HOST = "$(BUILT_PRODUCTS_DIR)/Tableview-Exercise.app/Tableview-Exercise";
			};
			name = Release;
		};
		E7CE576A241F97CF00D0478A /* Debug */ = {
			isa = XCBuildConfiguration;
			buildSettings = {
				ALWAYS_EMBED_SWIFT_STANDARD_LIBRARIES = YES;
				CODE_SIGN_STYLE = Automatic;
				DEVELOPMENT_TEAM = 7UU7JG463S;
				INFOPLIST_FILE = "Tableview-ExerciseUITests/Info.plist";
				LD_RUNPATH_SEARCH_PATHS = (
					"$(inherited)",
					"@executable_path/Frameworks",
					"@loader_path/Frameworks",
				);
				PRODUCT_BUNDLE_IDENTIFIER = "Saravana.Tableview-ExerciseUITests";
				PRODUCT_NAME = "$(TARGET_NAME)";
				SWIFT_VERSION = 5.0;
				TARGETED_DEVICE_FAMILY = "1,2";
				TEST_TARGET_NAME = "Tableview-Exercise";
			};
			name = Debug;
		};
		E7CE576B241F97CF00D0478A /* Release */ = {
			isa = XCBuildConfiguration;
			buildSettings = {
				ALWAYS_EMBED_SWIFT_STANDARD_LIBRARIES = YES;
				CODE_SIGN_STYLE = Automatic;
				DEVELOPMENT_TEAM = 7UU7JG463S;
				INFOPLIST_FILE = "Tableview-ExerciseUITests/Info.plist";
				LD_RUNPATH_SEARCH_PATHS = (
					"$(inherited)",
					"@executable_path/Frameworks",
					"@loader_path/Frameworks",
				);
				PRODUCT_BUNDLE_IDENTIFIER = "Saravana.Tableview-ExerciseUITests";
				PRODUCT_NAME = "$(TARGET_NAME)";
				SWIFT_VERSION = 5.0;
				TARGETED_DEVICE_FAMILY = "1,2";
				TEST_TARGET_NAME = "Tableview-Exercise";
			};
			name = Release;
		};
/* End XCBuildConfiguration section */

/* Begin XCConfigurationList section */
		E7CE5734241F97CD00D0478A /* Build configuration list for PBXProject "Tableview-Exercise " */ = {
			isa = XCConfigurationList;
			buildConfigurations = (
				E7CE5761241F97CF00D0478A /* Debug */,
				E7CE5762241F97CF00D0478A /* Release */,
			);
			defaultConfigurationIsVisible = 0;
			defaultConfigurationName = Release;
		};
		E7CE5763241F97CF00D0478A /* Build configuration list for PBXNativeTarget "Tableview-Exercise" */ = {
			isa = XCConfigurationList;
			buildConfigurations = (
				E7CE5764241F97CF00D0478A /* Debug */,
				E7CE5765241F97CF00D0478A /* Release */,
			);
			defaultConfigurationIsVisible = 0;
			defaultConfigurationName = Release;
		};
		E7CE5766241F97CF00D0478A /* Build configuration list for PBXNativeTarget "Tableview-ExerciseTests" */ = {
			isa = XCConfigurationList;
			buildConfigurations = (
				E7CE5767241F97CF00D0478A /* Debug */,
				E7CE5768241F97CF00D0478A /* Release */,
			);
			defaultConfigurationIsVisible = 0;
			defaultConfigurationName = Release;
		};
		E7CE5769241F97CF00D0478A /* Build configuration list for PBXNativeTarget "Tableview-ExerciseUITests" */ = {
			isa = XCConfigurationList;
			buildConfigurations = (
				E7CE576A241F97CF00D0478A /* Debug */,
				E7CE576B241F97CF00D0478A /* Release */,
			);
			defaultConfigurationIsVisible = 0;
			defaultConfigurationName = Release;
		};
/* End XCConfigurationList section */
	};
	rootObject = E7CE5731241F97CD00D0478A /* Project object */;
}
